
Microsoft Visual Studio Solution File, Format Version 12.00
# Visual Studio Version 16
VisualStudioVersion = 16.0.29709.97
MinimumVisualStudioVersion = 10.0.40219.1
Project("{FAE04EC0-301F-11D3-BF4B-00C04F79EFBC}") = "MVCWebApplication-KhaledElsaadany1", "MVCWebApplication-KhaledElsaadany1.csproj", "{888F00D6-0E20-4702-B0CE-B5AFD76E40DB}"
EndProject
Global
	GlobalSection(SolutionConfigurationPlatforms) = preSolution
		Debug|Any CPU = Debug|Any CPU
		Release|Any CPU = Release|Any CPU
	EndGlobalSection
	GlobalSection(ProjectConfigurationPlatforms) = postSolution
		{888F00D6-0E20-4702-B0CE-B5AFD76E40DB}.Debug|Any CPU.ActiveCfg = Debug|Any CPU
		{888F00D6-0E20-4702-B0CE-B5AFD76E40DB}.Debug|Any CPU.Build.0 = Debug|Any CPU
		{888F00D6-0E20-4702-B0CE-B5AFD76E40DB}.Release|Any CPU.ActiveCfg = Release|Any CPU
		{888F00D6-0E20-4702-B0CE-B5AFD76E40DB}.Release|Any CPU.Build.0 = Release|Any CPU
	EndGlobalSection
	GlobalSection(SolutionProperties) = preSolution
		HideSolutionNode = FALSE
	EndGlobalSection
	GlobalSection(ExtensibilityGlobals) = postSolution
		SolutionGuid = {9F3CF17F-1801-406F-8675-20BC165CD1F3}
	EndGlobalSection
EndGlobal
